<Solution>
  <Folder Name="/nbomber/">
    <Project Path="nbomber/PerfLab.NBomber/PerfLab.NBomber.csproj" />
  </Folder>
  <Folder Name="/src/">
    <Project Path="src/PerfLab.Sut/PerfLab.Sut.csproj" />
  </Folder>
  <Folder Name="/tests/">
    <Project Path="tests/PerfLab.Sut.Tests/PerfLab.Sut.Tests.csproj" />
  </Folder>
</Solution>
